
Microsoft Visual Studio Solution File, Format Version 12.00
# Visual Studio Version 16
VisualStudioVersion = 16.0.29806.167
MinimumVisualStudioVersion = 10.0.40219.1
Project("{FAE04EC0-301F-11D3-BF4B-00C04F79EFBC}") = "myLovelyProject", "myLovelyProject\myLovelyProject.csproj", "{E949A7EB-69FA-4219-86AB-AA29B47E7D60}"
EndProject
Project("{FAE04EC0-301F-11D3-BF4B-00C04F79EFBC}") = "myLovelyProject.Tests", "myLovelyProject.Tests\myLovelyProject.Tests.csproj", "{9924AE57-650A-483E-B683-A6BD490A1607}"
EndProject
Global
	GlobalSection(SolutionConfigurationPlatforms) = preSolution
		Debug|Any CPU = Debug|Any CPU
		Release|Any CPU = Release|Any CPU
	EndGlobalSection
	GlobalSection(ProjectConfigurationPlatforms) = postSolution
		{E949A7EB-69FA-4219-86AB-AA29B47E7D60}.Debug|Any CPU.ActiveCfg = Debug|Any CPU
		{E949A7EB-69FA-4219-86AB-AA29B47E7D60}.Debug|Any CPU.Build.0 = Debug|Any CPU
		{E949A7EB-69FA-4219-86AB-AA29B47E7D60}.Release|Any CPU.ActiveCfg = Release|Any CPU
		{E949A7EB-69FA-4219-86AB-AA29B47E7D60}.Release|Any CPU.Build.0 = Release|Any CPU
		{9924AE57-650A-483E-B683-A6BD490A1607}.Debug|Any CPU.ActiveCfg = Debug|Any CPU
		{9924AE57-650A-483E-B683-A6BD490A1607}.Debug|Any CPU.Build.0 = Debug|Any CPU
		{9924AE57-650A-483E-B683-A6BD490A1607}.Release|Any CPU.ActiveCfg = Release|Any CPU
		{9924AE57-650A-483E-B683-A6BD490A1607}.Release|Any CPU.Build.0 = Release|Any CPU
	EndGlobalSection
	GlobalSection(SolutionProperties) = preSolution
		HideSolutionNode = FALSE
	EndGlobalSection
	GlobalSection(ExtensibilityGlobals) = postSolution
		SolutionGuid = {06522AE7-77DF-4CC9-91FD-AF47AC7C3999}
	EndGlobalSection
EndGlobal
